<?xml version="1.0" encoding="utf-8"?>
<Project ToolsVersion="4.0" xmlns="http://schemas.microsoft.com/developer/msbuild/2003">
  <ItemGroup>
    <Filter Include="Source Files">
      <UniqueIdentifier>{4fdd12d2-3e90-422c-b14b-56e7828bcefb}</UniqueIdentifier>
      <Extensions>cpp;c;cxx;rc;def;r;odl;idl;hpj;bat</Extensions>
    </Filter>
    <Filter Include="Header Files">
      <UniqueIdentifier>{e226db6f-d6ac-4b7d-9bb2-afb79b221967}</UniqueIdentifier>
      <Extensions>h;hpp;hxx;hm;inl</Extensions>
    </Filter>
  </ItemGroup>
  <ItemGroup>
    <ClInclude Include="src\ASTCommand.h">
      <Filter>Header Files</Filter>
    </ClInclude>
    <ClInclude Include="src\BNFAndOrJunction.h">
      <Filter>Header Files</Filter>
    </ClInclude>
    <ClInclude Include="src\BNFBreak.h">
      <Filter>Header Files</Filter>
    </ClInclude>
    <ClInclude Include="src\BNFCharBoundaries.h">
      <Filter>Header Files</Filter>
    </ClInclude>
    <ClInclude Include="src\BNFCharLitteral.h">
      <Filter>Header Files</Filter>
    </ClInclude>
    <ClInclude Include="src\BNFCheck.h">
      <Filter>Header Files</Filter>
    </ClInclude>
    <ClInclude Include="src\BNFClause.h">
      <Filter>Header Files</Filter>
    </ClInclude>
    <ClInclude Include="src\BNFClauseCall.h">
      <Filter>Header Files</Filter>
    </ClInclude>
    <ClInclude Include="src\BNFComplementary.h">
      <Filter>Header Files</Filter>
    </ClInclude>
    <ClInclude Include="src\BNFConjunction.h">
      <Filter>Header Files</Filter>
    </ClInclude>
    <ClInclude Include="src\BNFDisjunction.h">
      <Filter>Header Files</Filter>
    </ClInclude>
    <ClInclude Include="src\BNFEndOfFile.h">
      <Filter>Header Files</Filter>
    </ClInclude>
    <ClInclude Include="src\BNFEndOfLine.h">
      <Filter>Header Files</Filter>
    </ClInclude>
    <ClInclude Include="src\BNFFindToken.h">
      <Filter>Header Files</Filter>
    </ClInclude>
    <ClInclude Include="src\BNFForeach.h">
      <Filter>Header Files</Filter>
    </ClInclude>
    <ClInclude Include="src\BNFIgnore.h">
      <Filter>Header Files</Filter>
    </ClInclude>
    <ClInclude Include="src\BNFInsert.h">
      <Filter>Header Files</Filter>
    </ClInclude>
    <ClInclude Include="src\BNFMoveAhead.h">
      <Filter>Header Files</Filter>
    </ClInclude>
    <ClInclude Include="src\BNFMultiplicity.h">
      <Filter>Header Files</Filter>
    </ClInclude>
    <ClInclude Include="src\BNFNextStep.h">
      <Filter>Header Files</Filter>
    </ClInclude>
    <ClInclude Include="src\BNFNot.h">
      <Filter>Header Files</Filter>
    </ClInclude>
    <ClInclude Include="src\BNFPushItem.h">
      <Filter>Header Files</Filter>
    </ClInclude>
    <ClInclude Include="src\BNFRatchet.h">
      <Filter>Header Files</Filter>
    </ClInclude>
    <ClInclude Include="src\BNFReadAdaString.h">
      <Filter>Header Files</Filter>
    </ClInclude>
    <ClInclude Include="src\BNFReadByte.h">
      <Filter>Header Files</Filter>
    </ClInclude>
    <ClInclude Include="src\BNFReadBytes.h">
      <Filter>Header Files</Filter>
    </ClInclude>
    <ClInclude Include="src\BNFReadCChar.h">
      <Filter>Header Files</Filter>
    </ClInclude>
    <ClInclude Include="src\BNFReadChar.h">
      <Filter>Header Files</Filter>
    </ClInclude>
    <ClInclude Include="src\BNFReadChars.h">
      <Filter>Header Files</Filter>
    </ClInclude>
    <ClInclude Include="src\BNFReadCompleteIdentifier.h">
      <Filter>Header Files</Filter>
    </ClInclude>
    <ClInclude Include="src\BNFReadCString.h">
      <Filter>Header Files</Filter>
    </ClInclude>
    <ClInclude Include="src\BNFReadIdentifier.h">
      <Filter>Header Files</Filter>
    </ClInclude>
    <ClInclude Include="src\BNFReadInteger.h">
      <Filter>Header Files</Filter>
    </ClInclude>
    <ClInclude Include="src\BNFReadNumeric.h">
      <Filter>Header Files</Filter>
    </ClInclude>
    <ClInclude Include="src\BNFReadPythonString.h">
      <Filter>Header Files</Filter>
    </ClInclude>
    <ClInclude Include="src\BNFReadText.h">
      <Filter>Header Files</Filter>
    </ClInclude>
    <ClInclude Include="src\BNFReadToken.h">
      <Filter>Header Files</Filter>
    </ClInclude>
    <ClInclude Include="src\BNFReadUptoIgnore.h">
      <Filter>Header Files</Filter>
    </ClInclude>
    <ClInclude Include="src\BNFScanWindow.h">
      <Filter>Header Files</Filter>
    </ClInclude>
    <ClInclude Include="src\BNFSkipIgnore.h">
      <Filter>Header Files</Filter>
    </ClInclude>
    <ClInclude Include="src\BNFStepintoHook.h">
      <Filter>Header Files</Filter>
    </ClInclude>
    <ClInclude Include="src\BNFStepoutHook.h">
      <Filter>Header Files</Filter>
    </ClInclude>
    <ClInclude Include="src\BNFStepper.h">
      <Filter>Header Files</Filter>
    </ClInclude>
    <ClInclude Include="src\BNFString.h">
      <Filter>Header Files</Filter>
    </ClInclude>
    <ClInclude Include="src\BNFTransformationMode.h">
      <Filter>Header Files</Filter>
    </ClInclude>
    <ClInclude Include="src\BNFTryCatch.h">
      <Filter>Header Files</Filter>
    </ClInclude>
    <ClInclude Include="src\CGCompiler.h">
      <Filter>Header Files</Filter>
    </ClInclude>
    <ClInclude Include="src\CGExternalHandling.h">
      <Filter>Header Files</Filter>
    </ClInclude>
    <ClInclude Include="src\CGRuntime.h">
      <Filter>Header Files</Filter>
    </ClInclude>
    <ClInclude Include="src\CppCompilerEnvironment.h">
      <Filter>Header Files</Filter>
    </ClInclude>
    <ClInclude Include="src\CppParsingTree.h">
      <Filter>Header Files</Filter>
    </ClInclude>
    <ClInclude Include="src\CW4dl.h">
      <Filter>Header Files</Filter>
    </ClInclude>
    <ClInclude Include="src\DtaArrayIterator.h">
      <Filter>Header Files</Filter>
    </ClInclude>
    <ClInclude Include="src\DtaASTNavigator.h">
      <Filter>Header Files</Filter>
    </ClInclude>
    <ClInclude Include="src\DtaAttributeType.h">
      <Filter>Header Files</Filter>
    </ClInclude>
    <ClInclude Include="src\DtaBNFScript.h">
      <Filter>Header Files</Filter>
    </ClInclude>
    <ClInclude Include="src\DtaClass.h">
      <Filter>Header Files</Filter>
    </ClInclude>
    <ClInclude Include="src\DtaCommandScript.h">
      <Filter>Header Files</Filter>
    </ClInclude>
    <ClInclude Include="src\DtaConsoleScript.h">
      <Filter>Header Files</Filter>
    </ClInclude>
    <ClInclude Include="src\DtaDesignScript.h">
      <Filter>Header Files</Filter>
    </ClInclude>
    <ClInclude Include="src\DtaPatternScript.h">
      <Filter>Header Files</Filter>
    </ClInclude>
    <ClInclude Include="src\DtaProject.h">
      <Filter>Header Files</Filter>
    </ClInclude>
    <ClInclude Include="src\DtaProtectedAreasBag.h">
      <Filter>Header Files</Filter>
    </ClInclude>
    <ClInclude Include="src\DtaScript.h">
      <Filter>Header Files</Filter>
    </ClInclude>
    <ClInclude Include="src\DtaScriptFactory.h">
      <Filter>Header Files</Filter>
    </ClInclude>
    <ClInclude Include="src\DtaScriptVariable.h">
      <Filter>Header Files</Filter>
    </ClInclude>
    <ClInclude Include="src\DtaSharpTagsHandler.h">
      <Filter>Header Files</Filter>
    </ClInclude>
    <ClInclude Include="src\DtaTranslateScript.h">
      <Filter>Header Files</Filter>
    </ClInclude>
    <ClInclude Include="src\DtaVisitor.h">
      <Filter>Header Files</Filter>
    </ClInclude>
    <ClInclude Include="src\DynFunction.h">
      <Filter>Header Files</Filter>
    </ClInclude>
    <ClInclude Include="src\DynPackage.h">
      <Filter>Header Files</Filter>
    </ClInclude>
    <ClInclude Include="src\ExprScriptBinaryExpression.h">
      <Filter>Header Files</Filter>
    </ClInclude>
    <ClInclude Include="src\ExprScriptExpression.h">
      <Filter>Header Files</Filter>
    </ClInclude>
    <ClInclude Include="src\ExprScriptFunction.h">
      <Filter>Header Files</Filter>
    </ClInclude>
    <ClInclude Include="src\ExprScriptMotif.h">
      <Filter>Header Files</Filter>
    </ClInclude>
    <ClInclude Include="src\ExprScriptVariable.h">
      <Filter>Header Files</Filter>
    </ClInclude>
    <ClInclude Include="src\ExternalValueNode.h">
      <Filter>Header Files</Filter>
    </ClInclude>
    <ClInclude Include="src\GrfAlienInstruction.h">
      <Filter>Header Files</Filter>
    </ClInclude>
    <ClInclude Include="src\GrfAllFloatingLocations.h">
      <Filter>Header Files</Filter>
    </ClInclude>
    <ClInclude Include="src\GrfAppendedFile.h">
      <Filter>Header Files</Filter>
    </ClInclude>
    <ClInclude Include="src\GrfAppendFile.h">
      <Filter>Header Files</Filter>
    </ClInclude>
    <ClInclude Include="src\GrfAspectAdvice.h">
      <Filter>Header Files</Filter>
    </ClInclude>
    <ClInclude Include="src\GrfAttachInputToSocket.h">
      <Filter>Header Files</Filter>
    </ClInclude>
    <ClInclude Include="src\GrfAttachOutputToSocket.h">
      <Filter>Header Files</Filter>
    </ClInclude>
    <ClInclude Include="src\GrfAutoexpand.h">
      <Filter>Header Files</Filter>
    </ClInclude>
    <ClInclude Include="src\GrfBlock.h">
      <Filter>Header Files</Filter>
    </ClInclude>
    <ClInclude Include="src\GrfBreak.h">
      <Filter>Header Files</Filter>
    </ClInclude>
    <ClInclude Include="src\GrfClearVariable.h">
      <Filter>Header Files</Filter>
    </ClInclude>
    <ClInclude Include="src\GrfCloseSocket.h">
      <Filter>Header Files</Filter>
    </ClInclude>
    <ClInclude Include="src\GrfCommand.h">
      <Filter>Header Files</Filter>
    </ClInclude>
    <ClInclude Include="src\GrfCompileToCpp.h">
      <Filter>Header Files</Filter>
    </ClInclude>
    <ClInclude Include="src\GrfContinue.h">
      <Filter>Header Files</Filter>
    </ClInclude>
    <ClInclude Include="src\GrfCopyFile.h">
      <Filter>Header Files</Filter>
    </ClInclude>
    <ClInclude Include="src\GrfCopyGenerableFile.h">
      <Filter>Header Files</Filter>
    </ClInclude>
    <ClInclude Include="src\GrfCopySmartDirectory.h">
      <Filter>Header Files</Filter>
    </ClInclude>
    <ClInclude Include="src\GrfCutString.h">
      <Filter>Header Files</Filter>
    </ClInclude>
    <ClInclude Include="src\GrfDebugExecution.h">
      <Filter>Header Files</Filter>
    </ClInclude>
    <ClInclude Include="src\GrfDelay.h">
      <Filter>Header Files</Filter>
    </ClInclude>
    <ClInclude Include="src\GrfDetachInputFromSocket.h">
      <Filter>Header Files</Filter>
    </ClInclude>
    <ClInclude Include="src\GrfDetachOutputFromSocket.h">
      <Filter>Header Files</Filter>
    </ClInclude>
    <ClInclude Include="src\GrfDo.h">
      <Filter>Header Files</Filter>
    </ClInclude>
    <ClInclude Include="src\GrfEnvironTable.h">
      <Filter>Header Files</Filter>
    </ClInclude>
    <ClInclude Include="src\GrfError.h">
      <Filter>Header Files</Filter>
    </ClInclude>
    <ClInclude Include="src\GrfExecuteString.h">
      <Filter>Header Files</Filter>
    </ClInclude>
    <ClInclude Include="src\GrfExecutionContext.h">
      <Filter>Header Files</Filter>
    </ClInclude>
    <ClInclude Include="src\GrfExit.h">
      <Filter>Header Files</Filter>
    </ClInclude>
    <ClInclude Include="src\GrfExpand.h">
      <Filter>Header Files</Filter>
    </ClInclude>
    <ClInclude Include="src\GrfExtendExecutedScript.h">
      <Filter>Header Files</Filter>
    </ClInclude>
    <ClInclude Include="src\GrfFileAsStandardInput.h">
      <Filter>Header Files</Filter>
    </ClInclude>
    <ClInclude Include="src\GrfForeach.h">
      <Filter>Header Files</Filter>
    </ClInclude>
    <ClInclude Include="src\GrfFunction.h">
      <Filter>Header Files</Filter>
    </ClInclude>
    <ClInclude Include="src\GrfGenerate.h">
      <Filter>Header Files</Filter>
    </ClInclude>
    <ClInclude Include="src\GrfGeneratedFile.h">
      <Filter>Header Files</Filter>
    </ClInclude>
    <ClInclude Include="src\GrfGeneratedString.h">
      <Filter>Header Files</Filter>
    </ClInclude>
    <ClInclude Include="src\GrfGenerateString.h">
      <Filter>Header Files</Filter>
    </ClInclude>
    <ClInclude Include="src\GrfGlobalVariable.h">
      <Filter>Header Files</Filter>
    </ClInclude>
    <ClInclude Include="src\GrfGoBack.h">
      <Filter>Header Files</Filter>
    </ClInclude>
    <ClInclude Include="src\GrfIfThenElse.h">
      <Filter>Header Files</Filter>
    </ClInclude>
    <ClInclude Include="src\GrfIncrementIndentLevel.h">
      <Filter>Header Files</Filter>
    </ClInclude>
    <ClInclude Include="src\GrfInsertAssignment.h">
      <Filter>Header Files</Filter>
    </ClInclude>
    <ClInclude Include="src\GrfInsertElementAt.h">
      <Filter>Header Files</Filter>
    </ClInclude>
    <ClInclude Include="src\GrfInsertText.h">
      <Filter>Header Files</Filter>
    </ClInclude>
    <ClInclude Include="src\GrfInsertTextOnce.h">
      <Filter>Header Files</Filter>
    </ClInclude>
    <ClInclude Include="src\GrfInsertTextOnceToFloatingLocation.h">
      <Filter>Header Files</Filter>
    </ClInclude>
    <ClInclude Include="src\GrfInsertTextToFloatingLocation.h">
      <Filter>Header Files</Filter>
    </ClInclude>
    <ClInclude Include="src\GrfInvertArray.h">
      <Filter>Header Files</Filter>
    </ClInclude>
    <ClInclude Include="src\GrfJointPoint.h">
      <Filter>Header Files</Filter>
    </ClInclude>
    <ClInclude Include="src\GrfJointPointCall.h">
      <Filter>Header Files</Filter>
    </ClInclude>
    <ClInclude Include="src\GrfListAllGeneratedFiles.h">
      <Filter>Header Files</Filter>
    </ClInclude>
    <ClInclude Include="src\GrfLoadProject.h">
      <Filter>Header Files</Filter>
    </ClInclude>
    <ClInclude Include="src\GrfLocalReference.h">
      <Filter>Header Files</Filter>
    </ClInclude>
    <ClInclude Include="src\GrfLocalVariable.h">
      <Filter>Header Files</Filter>
    </ClInclude>
    <ClInclude Include="src\GrfMerge.h">
      <Filter>Header Files</Filter>
    </ClInclude>
    <ClInclude Include="src\GrfNewProject.h">
      <Filter>Header Files</Filter>
    </ClInclude>
    <ClInclude Include="src\GrfNop.h">
      <Filter>Header Files</Filter>
    </ClInclude>
    <ClInclude Include="src\GrfOpenLogFile.h">
      <Filter>Header Files</Filter>
    </ClInclude>
    <ClInclude Include="src\GrfOverwritePortion.h">
      <Filter>Header Files</Filter>
    </ClInclude>
    <ClInclude Include="src\GrfParseAsBNF.h">
      <Filter>Header Files</Filter>
    </ClInclude>
    <ClInclude Include="src\GrfParsedFile.h">
      <Filter>Header Files</Filter>
    </ClInclude>
    <ClInclude Include="src\GrfParsedString.h">
      <Filter>Header Files</Filter>
    </ClInclude>
    <ClInclude Include="src\GrfParseFree.h">
      <Filter>Header Files</Filter>
    </ClInclude>
    <ClInclude Include="src\GrfParseStringAsBNF.h">
      <Filter>Header Files</Filter>
    </ClInclude>
    <ClInclude Include="src\GrfPopulateProtectedArea.h">
      <Filter>Header Files</Filter>
    </ClInclude>
    <ClInclude Include="src\GrfProduceHTML.h">
      <Filter>Header Files</Filter>
    </ClInclude>
    <ClInclude Include="src\GrfPushItem.h">
      <Filter>Header Files</Filter>
    </ClInclude>
    <ClInclude Include="src\GrfPutEnv.h">
      <Filter>Header Files</Filter>
    </ClInclude>
    <ClInclude Include="src\GrfQuantifyExecution.h">
      <Filter>Header Files</Filter>
    </ClInclude>
    <ClInclude Include="src\GrfQuiet.h">
      <Filter>Header Files</Filter>
    </ClInclude>
    <ClInclude Include="src\GrfRandomSeed.h">
      <Filter>Header Files</Filter>
    </ClInclude>
    <ClInclude Include="src\GrfReadonlyHook.h">
      <Filter>Header Files</Filter>
    </ClInclude>
    <ClInclude Include="src\GrfReference.h">
      <Filter>Header Files</Filter>
    </ClInclude>
    <ClInclude Include="src\GrfRemoveAllElements.h">
      <Filter>Header Files</Filter>
    </ClInclude>
    <ClInclude Include="src\GrfRemoveElement.h">
      <Filter>Header Files</Filter>
    </ClInclude>
    <ClInclude Include="src\GrfRemoveFirstElement.h">
      <Filter>Header Files</Filter>
    </ClInclude>
    <ClInclude Include="src\GrfRemoveLastElement.h">
      <Filter>Header Files</Filter>
    </ClInclude>
    <ClInclude Include="src\GrfRemoveRecursive.h">
      <Filter>Header Files</Filter>
    </ClInclude>
    <ClInclude Include="src\GrfRemoveVariable.h">
      <Filter>Header Files</Filter>
    </ClInclude>
    <ClInclude Include="src\GrfResizeOutputStream.h">
      <Filter>Header Files</Filter>
    </ClInclude>
    <ClInclude Include="src\GrfReturn.h">
      <Filter>Header Files</Filter>
    </ClInclude>
    <ClInclude Include="src\GrfSaveBinaryToFile.h">
      <Filter>Header Files</Filter>
    </ClInclude>
    <ClInclude Include="src\GrfSaveProject.h">
      <Filter>Header Files</Filter>
    </ClInclude>
    <ClInclude Include="src\GrfSaveProjectTypes.h">
      <Filter>Header Files</Filter>
    </ClInclude>
    <ClInclude Include="src\GrfSaveToFile.h">
      <Filter>Header Files</Filter>
    </ClInclude>
    <ClInclude Include="src\GrfSelect.h">
      <Filter>Header Files</Filter>
    </ClInclude>
    <ClInclude Include="src\GrfSetAll.h">
      <Filter>Header Files</Filter>
    </ClInclude>
    <ClInclude Include="src\GrfSetAssignment.h">
      <Filter>Header Files</Filter>
    </ClInclude>
    <ClInclude Include="src\GrfSetCommentBegin.h">
      <Filter>Header Files</Filter>
    </ClInclude>
    <ClInclude Include="src\GrfSetCommentEnd.h">
      <Filter>Header Files</Filter>
    </ClInclude>
    <ClInclude Include="src\GrfSetFloatingLocation.h">
      <Filter>Header Files</Filter>
    </ClInclude>
    <ClInclude Include="src\GrfSetGenerationHeader.h">
      <Filter>Header Files</Filter>
    </ClInclude>
    <ClInclude Include="src\GrfSetIncludePath.h">
      <Filter>Header Files</Filter>
    </ClInclude>
    <ClInclude Include="src\GrfSetInputLocation.h">
      <Filter>Header Files</Filter>
    </ClInclude>
    <ClInclude Include="src\GrfSetNow.h">
      <Filter>Header Files</Filter>
    </ClInclude>
    <ClInclude Include="src\GrfSetOutputLocation.h">
      <Filter>Header Files</Filter>
    </ClInclude>
    <ClInclude Include="src\GrfSetProperty.h">
      <Filter>Header Files</Filter>
    </ClInclude>
    <ClInclude Include="src\GrfSetProtectedArea.h">
      <Filter>Header Files</Filter>
    </ClInclude>
    <ClInclude Include="src\GrfSetTextMode.h">
      <Filter>Header Files</Filter>
    </ClInclude>
    <ClInclude Include="src\GrfSetVersion.h">
      <Filter>Header Files</Filter>
    </ClInclude>
    <ClInclude Include="src\GrfSetWorkingPath.h">
      <Filter>Header Files</Filter>
    </ClInclude>
    <ClInclude Include="src\GrfSetWriteMode.h">
      <Filter>Header Files</Filter>
    </ClInclude>
    <ClInclude Include="src\GrfSleep.h">
      <Filter>Header Files</Filter>
    </ClInclude>
    <ClInclude Include="src\GrfSlideNodeContent.h">
      <Filter>Header Files</Filter>
    </ClInclude>
    <ClInclude Include="src\GrfSortArray.h">
      <Filter>Header Files</Filter>
    </ClInclude>
    <ClInclude Include="src\GrfStringAsStandardInput.h">
      <Filter>Header Files</Filter>
    </ClInclude>
    <ClInclude Include="src\GrfSwitch.h">
      <Filter>Header Files</Filter>
    </ClInclude>
    <ClInclude Include="src\GrfText.h">
      <Filter>Header Files</Filter>
    </ClInclude>
    <ClInclude Include="src\GrfTraceEngine.h">
      <Filter>Header Files</Filter>
    </ClInclude>
    <ClInclude Include="src\GrfTraceLine.h">
      <Filter>Header Files</Filter>
    </ClInclude>
    <ClInclude Include="src\GrfTraceObject.h">
      <Filter>Header Files</Filter>
    </ClInclude>
    <ClInclude Include="src\GrfTraceStack.h">
      <Filter>Header Files</Filter>
    </ClInclude>
    <ClInclude Include="src\GrfTraceText.h">
      <Filter>Header Files</Filter>
    </ClInclude>
    <ClInclude Include="src\GrfTranslate.h">
      <Filter>Header Files</Filter>
    </ClInclude>
    <ClInclude Include="src\GrfTryCatch.h">
      <Filter>Header Files</Filter>
    </ClInclude>
    <ClInclude Include="src\GrfWhile.h">
      <Filter>Header Files</Filter>
    </ClInclude>
    <ClInclude Include="src\GrfWriteBytes.h">
      <Filter>Header Files</Filter>
    </ClInclude>
    <ClInclude Include="src\GrfWritefileHook.h">
      <Filter>Header Files</Filter>
    </ClInclude>
    <ClInclude Include="src\GrfWriteText.h">
      <Filter>Header Files</Filter>
    </ClInclude>
    <ClInclude Include="src\GrfWriteTextOnce.h">
      <Filter>Header Files</Filter>
    </ClInclude>
    <ClInclude Include="src\HTTPRequest.h">
      <Filter>Header Files</Filter>
    </ClInclude>
    <ClInclude Include="src\JNIExternalHandling.h">
      <Filter>Header Files</Filter>
    </ClInclude>
    <ClInclude Include="src\md5.h">
      <Filter>Header Files</Filter>
    </ClInclude>
    <ClInclude Include="src\NetSocket.h">
      <Filter>Header Files</Filter>
    </ClInclude>
    <ClInclude Include="src\ScpStream.h">
      <Filter>Header Files</Filter>
    </ClInclude>
    <ClInclude Include="src\UtlDate.h">
      <Filter>Header Files</Filter>
    </ClInclude>
    <ClInclude Include="src\UtlDirectory.h">
      <Filter>Header Files</Filter>
    </ClInclude>
    <ClInclude Include="src\UtlException.h">
      <Filter>Header Files</Filter>
    </ClInclude>
    <ClInclude Include="src\UtlString.h">
      <Filter>Header Files</Filter>
    </ClInclude>
    <ClInclude Include="src\UtlTimer.h">
      <Filter>Header Files</Filter>
    </ClInclude>
    <ClInclude Include="src\UtlTrace.h">
      <Filter>Header Files</Filter>
    </ClInclude>
    <ClInclude Include="src\UtlXMLStream.h">
      <Filter>Header Files</Filter>
    </ClInclude>
    <ClInclude Include="src\Workspace.h">
      <Filter>Header Files</Filter>
    </ClInclude>
  </ItemGroup>
  <ItemGroup>
    <ClCompile Include="src\ASTCommand.cpp">
      <Filter>Source Files</Filter>
    </ClCompile>
    <ClCompile Include="src\BNFAndOrJunction.cpp">
      <Filter>Source Files</Filter>
    </ClCompile>
    <ClCompile Include="src\BNFBreak.cpp">
      <Filter>Source Files</Filter>
    </ClCompile>
    <ClCompile Include="src\BNFCharBoundaries.cpp">
      <Filter>Source Files</Filter>
    </ClCompile>
    <ClCompile Include="src\BNFCharLitteral.cpp">
      <Filter>Source Files</Filter>
    </ClCompile>
    <ClCompile Include="src\BNFCheck.cpp">
      <Filter>Source Files</Filter>
    </ClCompile>
    <ClCompile Include="src\BNFClause.cpp">
      <Filter>Source Files</Filter>
    </ClCompile>
    <ClCompile Include="src\BNFClauseCall.cpp">
      <Filter>Source Files</Filter>
    </ClCompile>
    <ClCompile Include="src\BNFComplementary.cpp">
      <Filter>Source Files</Filter>
    </ClCompile>
    <ClCompile Include="src\BNFConjunction.cpp">
      <Filter>Source Files</Filter>
    </ClCompile>
    <ClCompile Include="src\BNFDisjunction.cpp">
      <Filter>Source Files</Filter>
    </ClCompile>
    <ClCompile Include="src\BNFEndOfFile.cpp">
      <Filter>Source Files</Filter>
    </ClCompile>
    <ClCompile Include="src\BNFEndOfLine.cpp">
      <Filter>Source Files</Filter>
    </ClCompile>
    <ClCompile Include="src\BNFFindToken.cpp">
      <Filter>Source Files</Filter>
    </ClCompile>
    <ClCompile Include="src\BNFForeach.cpp">
      <Filter>Source Files</Filter>
    </ClCompile>
    <ClCompile Include="src\BNFIgnore.cpp">
      <Filter>Source Files</Filter>
    </ClCompile>
    <ClCompile Include="src\BNFInsert.cpp">
      <Filter>Source Files</Filter>
    </ClCompile>
    <ClCompile Include="src\BNFMoveAhead.cpp">
      <Filter>Source Files</Filter>
    </ClCompile>
    <ClCompile Include="src\BNFMultiplicity.cpp">
      <Filter>Source Files</Filter>
    </ClCompile>
    <ClCompile Include="src\BNFNextStep.cpp">
      <Filter>Source Files</Filter>
    </ClCompile>
    <ClCompile Include="src\BNFNot.cpp">
      <Filter>Source Files</Filter>
    </ClCompile>
    <ClCompile Include="src\BNFPushItem.cpp">
      <Filter>Source Files</Filter>
    </ClCompile>
    <ClCompile Include="src\BNFRatchet.cpp">
      <Filter>Source Files</Filter>
    </ClCompile>
    <ClCompile Include="src\BNFReadAdaString.cpp">
      <Filter>Source Files</Filter>
    </ClCompile>
    <ClCompile Include="src\BNFReadByte.cpp">
      <Filter>Source Files</Filter>
    </ClCompile>
    <ClCompile Include="src\BNFReadBytes.cpp">
      <Filter>Source Files</Filter>
    </ClCompile>
    <ClCompile Include="src\BNFReadCChar.cpp">
      <Filter>Source Files</Filter>
    </ClCompile>
    <ClCompile Include="src\BNFReadChar.cpp">
      <Filter>Source Files</Filter>
    </ClCompile>
    <ClCompile Include="src\BNFReadChars.cpp">
      <Filter>Source Files</Filter>
    </ClCompile>
    <ClCompile Include="src\BNFReadCompleteIdentifier.cpp">
      <Filter>Source Files</Filter>
    </ClCompile>
    <ClCompile Include="src\BNFReadCString.cpp">
      <Filter>Source Files</Filter>
    </ClCompile>
    <ClCompile Include="src\BNFReadIdentifier.cpp">
      <Filter>Source Files</Filter>
    </ClCompile>
    <ClCompile Include="src\BNFReadInteger.cpp">
      <Filter>Source Files</Filter>
    </ClCompile>
    <ClCompile Include="src\BNFReadNumeric.cpp">
      <Filter>Source Files</Filter>
    </ClCompile>
    <ClCompile Include="src\BNFReadPythonString.cpp">
      <Filter>Source Files</Filter>
    </ClCompile>
    <ClCompile Include="src\BNFReadText.cpp">
      <Filter>Source Files</Filter>
    </ClCompile>
    <ClCompile Include="src\BNFReadToken.cpp">
      <Filter>Source Files</Filter>
    </ClCompile>
    <ClCompile Include="src\BNFReadUptoIgnore.cpp">
      <Filter>Source Files</Filter>
    </ClCompile>
    <ClCompile Include="src\BNFScanWindow.cpp">
      <Filter>Source Files</Filter>
    </ClCompile>
    <ClCompile Include="src\BNFSkipIgnore.cpp">
      <Filter>Source Files</Filter>
    </ClCompile>
    <ClCompile Include="src\BNFStepintoHook.cpp">
      <Filter>Source Files</Filter>
    </ClCompile>
    <ClCompile Include="src\BNFStepoutHook.cpp">
      <Filter>Source Files</Filter>
    </ClCompile>
    <ClCompile Include="src\BNFStepper.cpp">
      <Filter>Source Files</Filter>
    </ClCompile>
    <ClCompile Include="src\BNFString.cpp">
      <Filter>Source Files</Filter>
    </ClCompile>
    <ClCompile Include="src\BNFTransformationMode.cpp">
      <Filter>Source Files</Filter>
    </ClCompile>
    <ClCompile Include="src\BNFTryCatch.cpp">
      <Filter>Source Files</Filter>
    </ClCompile>
    <ClCompile Include="src\CGCompiler.cpp">
      <Filter>Source Files</Filter>
    </ClCompile>
    <ClCompile Include="src\CGExternalHandling.cpp">
      <Filter>Source Files</Filter>
    </ClCompile>
    <ClCompile Include="src\CGRuntime.cpp">
      <Filter>Source Files</Filter>
    </ClCompile>
    <ClCompile Include="src\CppCompilerEnvironment.cpp">
      <Filter>Source Files</Filter>
    </ClCompile>
    <ClCompile Include="src\CppParsingTree.cpp">
      <Filter>Source Files</Filter>
    </ClCompile>
    <ClCompile Include="src\DtaArrayIterator.cpp">
      <Filter>Source Files</Filter>
    </ClCompile>
    <ClCompile Include="src\DtaASTNavigator.cpp">
      <Filter>Source Files</Filter>
    </ClCompile>
    <ClCompile Include="src\DtaAttributeType.cpp">
      <Filter>Source Files</Filter>
    </ClCompile>
    <ClCompile Include="src\DtaBNFScript.cpp">
      <Filter>Source Files</Filter>
    </ClCompile>
    <ClCompile Include="src\DtaClass.cpp">
      <Filter>Source Files</Filter>
    </ClCompile>
    <ClCompile Include="src\DtaCommandScript.cpp">
      <Filter>Source Files</Filter>
    </ClCompile>
    <ClCompile Include="src\DtaConsoleScript.cpp">
      <Filter>Source Files</Filter>
    </ClCompile>
    <ClCompile Include="src\DtaDesignScript.cpp">
      <Filter>Source Files</Filter>
    </ClCompile>
    <ClCompile Include="src\DtaPatternScript.cpp">
      <Filter>Source Files</Filter>
    </ClCompile>
    <ClCompile Include="src\DtaProject.cpp">
      <Filter>Source Files</Filter>
    </ClCompile>
    <ClCompile Include="src\DtaProtectedAreasBag.cpp">
      <Filter>Source Files</Filter>
    </ClCompile>
    <ClCompile Include="src\DtaScript.cpp">
      <Filter>Source Files</Filter>
    </ClCompile>
    <ClCompile Include="src\DtaScriptFactory.cpp">
      <Filter>Source Files</Filter>
    </ClCompile>
    <ClCompile Include="src\DtaScriptVariable.cpp">
      <Filter>Source Files</Filter>
    </ClCompile>
    <ClCompile Include="src\DtaSharpTagsHandler.cpp">
      <Filter>Source Files</Filter>
    </ClCompile>
    <ClCompile Include="src\DtaTranslateScript.cpp">
      <Filter>Source Files</Filter>
    </ClCompile>
    <ClCompile Include="src\DtaVisitor.cpp">
      <Filter>Source Files</Filter>
    </ClCompile>
    <ClCompile Include="src\DynPackage.cpp">
      <Filter>Source Files</Filter>
    </ClCompile>
    <ClCompile Include="src\ExprScriptBinaryExpression.cpp">
      <Filter>Source Files</Filter>
    </ClCompile>
    <ClCompile Include="src\ExprScriptExpression.cpp">
      <Filter>Source Files</Filter>
    </ClCompile>
    <ClCompile Include="src\ExprScriptFunction.cpp">
      <Filter>Source Files</Filter>
    </ClCompile>
    <ClCompile Include="src\ExprScriptMotif.cpp">
      <Filter>Source Files</Filter>
    </ClCompile>
    <ClCompile Include="src\ExprScriptVariable.cpp">
      <Filter>Source Files</Filter>
    </ClCompile>
    <ClCompile Include="src\ExternalValueNode.cpp">
      <Filter>Source Files</Filter>
    </ClCompile>
    <ClCompile Include="src\GrfAlienInstruction.cpp">
      <Filter>Source Files</Filter>
    </ClCompile>
    <ClCompile Include="src\GrfAllFloatingLocations.cpp">
      <Filter>Source Files</Filter>
    </ClCompile>
    <ClCompile Include="src\GrfAppendedFile.cpp">
      <Filter>Source Files</Filter>
    </ClCompile>
    <ClCompile Include="src\GrfAppendFile.cpp">
      <Filter>Source Files</Filter>
    </ClCompile>
    <ClCompile Include="src\GrfAspectAdvice.cpp">
      <Filter>Source Files</Filter>
    </ClCompile>
    <ClCompile Include="src\GrfAttachInputToSocket.cpp">
      <Filter>Source Files</Filter>
    </ClCompile>
    <ClCompile Include="src\GrfAttachOutputToSocket.cpp">
      <Filter>Source Files</Filter>
    </ClCompile>
    <ClCompile Include="src\GrfAutoexpand.cpp">
      <Filter>Source Files</Filter>
    </ClCompile>
    <ClCompile Include="src\GrfBlock.cpp">
      <Filter>Source Files</Filter>
    </ClCompile>
    <ClCompile Include="src\GrfBreak.cpp">
      <Filter>Source Files</Filter>
    </ClCompile>
    <ClCompile Include="src\GrfClearVariable.cpp">
      <Filter>Source Files</Filter>
    </ClCompile>
    <ClCompile Include="src\GrfCloseSocket.cpp">
      <Filter>Source Files</Filter>
    </ClCompile>
    <ClCompile Include="src\GrfCommand.cpp">
      <Filter>Source Files</Filter>
    </ClCompile>
    <ClCompile Include="src\GrfCompileToCpp.cpp">
      <Filter>Source Files</Filter>
    </ClCompile>
    <ClCompile Include="src\GrfContinue.cpp">
      <Filter>Source Files</Filter>
    </ClCompile>
    <ClCompile Include="src\GrfCopyFile.cpp">
      <Filter>Source Files</Filter>
    </ClCompile>
    <ClCompile Include="src\GrfCopyGenerableFile.cpp">
      <Filter>Source Files</Filter>
    </ClCompile>
    <ClCompile Include="src\GrfCopySmartDirectory.cpp">
      <Filter>Source Files</Filter>
    </ClCompile>
    <ClCompile Include="src\GrfCutString.cpp">
      <Filter>Source Files</Filter>
    </ClCompile>
    <ClCompile Include="src\GrfDebugExecution.cpp">
      <Filter>Source Files</Filter>
    </ClCompile>
    <ClCompile Include="src\GrfDelay.cpp">
      <Filter>Source Files</Filter>
    </ClCompile>
    <ClCompile Include="src\GrfDetachInputFromSocket.cpp">
      <Filter>Source Files</Filter>
    </ClCompile>
    <ClCompile Include="src\GrfDetachOutputFromSocket.cpp">
      <Filter>Source Files</Filter>
    </ClCompile>
    <ClCompile Include="src\GrfDo.cpp">
      <Filter>Source Files</Filter>
    </ClCompile>
    <ClCompile Include="src\GrfEnvironTable.cpp">
      <Filter>Source Files</Filter>
    </ClCompile>
    <ClCompile Include="src\GrfError.cpp">
      <Filter>Source Files</Filter>
    </ClCompile>
    <ClCompile Include="src\GrfExecuteString.cpp">
      <Filter>Source Files</Filter>
    </ClCompile>
    <ClCompile Include="src\GrfExecutionContext.cpp">
      <Filter>Source Files</Filter>
    </ClCompile>
    <ClCompile Include="src\GrfExit.cpp">
      <Filter>Source Files</Filter>
    </ClCompile>
    <ClCompile Include="src\GrfExpand.cpp">
      <Filter>Source Files</Filter>
    </ClCompile>
    <ClCompile Include="src\GrfExtendExecutedScript.cpp">
      <Filter>Source Files</Filter>
    </ClCompile>
    <ClCompile Include="src\GrfFileAsStandardInput.cpp">
      <Filter>Source Files</Filter>
    </ClCompile>
    <ClCompile Include="src\GrfForeach.cpp">
      <Filter>Source Files</Filter>
    </ClCompile>
    <ClCompile Include="src\GrfFunction.cpp">
      <Filter>Source Files</Filter>
    </ClCompile>
    <ClCompile Include="src\GrfGenerate.cpp">
      <Filter>Source Files</Filter>
    </ClCompile>
    <ClCompile Include="src\GrfGeneratedFile.cpp">
      <Filter>Source Files</Filter>
    </ClCompile>
    <ClCompile Include="src\GrfGeneratedString.cpp">
      <Filter>Source Files</Filter>
    </ClCompile>
    <ClCompile Include="src\GrfGenerateString.cpp">
      <Filter>Source Files</Filter>
    </ClCompile>
    <ClCompile Include="src\GrfGlobalVariable.cpp">
      <Filter>Source Files</Filter>
    </ClCompile>
    <ClCompile Include="src\GrfGoBack.cpp">
      <Filter>Source Files</Filter>
    </ClCompile>
    <ClCompile Include="src\GrfIfThenElse.cpp">
      <Filter>Source Files</Filter>
    </ClCompile>
    <ClCompile Include="src\GrfIncrementIndentLevel.cpp">
      <Filter>Source Files</Filter>
    </ClCompile>
    <ClCompile Include="src\GrfInsertAssignment.cpp">
      <Filter>Source Files</Filter>
    </ClCompile>
    <ClCompile Include="src\GrfInsertElementAt.cpp">
      <Filter>Source Files</Filter>
    </ClCompile>
    <ClCompile Include="src\GrfInsertText.cpp">
      <Filter>Source Files</Filter>
    </ClCompile>
    <ClCompile Include="src\GrfInsertTextOnce.cpp">
      <Filter>Source Files</Filter>
    </ClCompile>
    <ClCompile Include="src\GrfInsertTextOnceToFloatingLocation.cpp">
      <Filter>Source Files</Filter>
    </ClCompile>
    <ClCompile Include="src\GrfInsertTextToFloatingLocation.cpp">
      <Filter>Source Files</Filter>
    </ClCompile>
    <ClCompile Include="src\GrfInvertArray.cpp">
      <Filter>Source Files</Filter>
    </ClCompile>
    <ClCompile Include="src\GrfJointPoint.cpp">
      <Filter>Source Files</Filter>
    </ClCompile>
    <ClCompile Include="src\GrfJointPointCall.cpp">
      <Filter>Source Files</Filter>
    </ClCompile>
    <ClCompile Include="src\GrfListAllGeneratedFiles.cpp">
      <Filter>Source Files</Filter>
    </ClCompile>
    <ClCompile Include="src\GrfLoadProject.cpp">
      <Filter>Source Files</Filter>
    </ClCompile>
    <ClCompile Include="src\GrfLocalReference.cpp">
      <Filter>Source Files</Filter>
    </ClCompile>
    <ClCompile Include="src\GrfLocalVariable.cpp">
      <Filter>Source Files</Filter>
    </ClCompile>
    <ClCompile Include="src\GrfMerge.cpp">
      <Filter>Source Files</Filter>
    </ClCompile>
    <ClCompile Include="src\GrfNewProject.cpp">
      <Filter>Source Files</Filter>
    </ClCompile>
    <ClCompile Include="src\GrfNop.cpp">
      <Filter>Source Files</Filter>
    </ClCompile>
    <ClCompile Include="src\GrfOpenLogFile.cpp">
      <Filter>Source Files</Filter>
    </ClCompile>
    <ClCompile Include="src\GrfOverwritePortion.cpp">
      <Filter>Source Files</Filter>
    </ClCompile>
    <ClCompile Include="src\GrfParseAsBNF.cpp">
      <Filter>Source Files</Filter>
    </ClCompile>
    <ClCompile Include="src\GrfParsedFile.cpp">
      <Filter>Source Files</Filter>
    </ClCompile>
    <ClCompile Include="src\GrfParsedString.cpp">
      <Filter>Source Files</Filter>
    </ClCompile>
    <ClCompile Include="src\GrfParseFree.cpp">
      <Filter>Source Files</Filter>
    </ClCompile>
    <ClCompile Include="src\GrfParseStringAsBNF.cpp">
      <Filter>Source Files</Filter>
    </ClCompile>
    <ClCompile Include="src\GrfPopulateProtectedArea.cpp">
      <Filter>Source Files</Filter>
    </ClCompile>
    <ClCompile Include="src\GrfProduceHTML.cpp">
      <Filter>Source Files</Filter>
    </ClCompile>
    <ClCompile Include="src\GrfPushItem.cpp">
      <Filter>Source Files</Filter>
    </ClCompile>
    <ClCompile Include="src\GrfPutEnv.cpp">
      <Filter>Source Files</Filter>
    </ClCompile>
    <ClCompile Include="src\GrfQuantifyExecution.cpp">
      <Filter>Source Files</Filter>
    </ClCompile>
    <ClCompile Include="src\GrfQuiet.cpp">
      <Filter>Source Files</Filter>
    </ClCompile>
    <ClCompile Include="src\GrfRandomSeed.cpp">
      <Filter>Source Files</Filter>
    </ClCompile>
    <ClCompile Include="src\GrfReadonlyHook.cpp">
      <Filter>Source Files</Filter>
    </ClCompile>
    <ClCompile Include="src\GrfReference.cpp">
      <Filter>Source Files</Filter>
    </ClCompile>
    <ClCompile Include="src\GrfRemoveAllElements.cpp">
      <Filter>Source Files</Filter>
    </ClCompile>
    <ClCompile Include="src\GrfRemoveElement.cpp">
      <Filter>Source Files</Filter>
    </ClCompile>
    <ClCompile Include="src\GrfRemoveFirstElement.cpp">
      <Filter>Source Files</Filter>
    </ClCompile>
    <ClCompile Include="src\GrfRemoveLastElement.cpp">
      <Filter>Source Files</Filter>
    </ClCompile>
    <ClCompile Include="src\GrfRemoveRecursive.cpp">
      <Filter>Source Files</Filter>
    </ClCompile>
    <ClCompile Include="src\GrfRemoveVariable.cpp">
      <Filter>Source Files</Filter>
    </ClCompile>
    <ClCompile Include="src\GrfResizeOutputStream.cpp">
      <Filter>Source Files</Filter>
    </ClCompile>
    <ClCompile Include="src\GrfReturn.cpp">
      <Filter>Source Files</Filter>
    </ClCompile>
    <ClCompile Include="src\GrfSaveBinaryToFile.cpp">
      <Filter>Source Files</Filter>
    </ClCompile>
    <ClCompile Include="src\GrfSaveProject.cpp">
      <Filter>Source Files</Filter>
    </ClCompile>
    <ClCompile Include="src\GrfSaveProjectTypes.cpp">
      <Filter>Source Files</Filter>
    </ClCompile>
    <ClCompile Include="src\GrfSaveToFile.cpp">
      <Filter>Source Files</Filter>
    </ClCompile>
    <ClCompile Include="src\GrfSelect.cpp">
      <Filter>Source Files</Filter>
    </ClCompile>
    <ClCompile Include="src\GrfSetAll.cpp">
      <Filter>Source Files</Filter>
    </ClCompile>
    <ClCompile Include="src\GrfSetAssignment.cpp">
      <Filter>Source Files</Filter>
    </ClCompile>
    <ClCompile Include="src\GrfSetCommentBegin.cpp">
      <Filter>Source Files</Filter>
    </ClCompile>
    <ClCompile Include="src\GrfSetCommentEnd.cpp">
      <Filter>Source Files</Filter>
    </ClCompile>
    <ClCompile Include="src\GrfSetFloatingLocation.cpp">
      <Filter>Source Files</Filter>
    </ClCompile>
    <ClCompile Include="src\GrfSetGenerationHeader.cpp">
      <Filter>Source Files</Filter>
    </ClCompile>
    <ClCompile Include="src\GrfSetIncludePath.cpp">
      <Filter>Source Files</Filter>
    </ClCompile>
    <ClCompile Include="src\GrfSetInputLocation.cpp">
      <Filter>Source Files</Filter>
    </ClCompile>
    <ClCompile Include="src\GrfSetNow.cpp">
      <Filter>Source Files</Filter>
    </ClCompile>
    <ClCompile Include="src\GrfSetOutputLocation.cpp">
      <Filter>Source Files</Filter>
    </ClCompile>
    <ClCompile Include="src\GrfSetProperty.cpp">
      <Filter>Source Files</Filter>
    </ClCompile>
    <ClCompile Include="src\GrfSetProtectedArea.cpp">
      <Filter>Source Files</Filter>
    </ClCompile>
    <ClCompile Include="src\GrfSetTextMode.cpp">
      <Filter>Source Files</Filter>
    </ClCompile>
    <ClCompile Include="src\GrfSetVersion.cpp">
      <Filter>Source Files</Filter>
    </ClCompile>
    <ClCompile Include="src\GrfSetWorkingPath.cpp">
      <Filter>Source Files</Filter>
    </ClCompile>
    <ClCompile Include="src\GrfSetWriteMode.cpp">
      <Filter>Source Files</Filter>
    </ClCompile>
    <ClCompile Include="src\GrfSleep.cpp">
      <Filter>Source Files</Filter>
    </ClCompile>
    <ClCompile Include="src\GrfSlideNodeContent.cpp">
      <Filter>Source Files</Filter>
    </ClCompile>
    <ClCompile Include="src\GrfSortArray.cpp">
      <Filter>Source Files</Filter>
    </ClCompile>
    <ClCompile Include="src\GrfStringAsStandardInput.cpp">
      <Filter>Source Files</Filter>
    </ClCompile>
    <ClCompile Include="src\GrfSwitch.cpp">
      <Filter>Source Files</Filter>
    </ClCompile>
    <ClCompile Include="src\GrfText.cpp">
      <Filter>Source Files</Filter>
    </ClCompile>
    <ClCompile Include="src\GrfTraceEngine.cpp">
      <Filter>Source Files</Filter>
    </ClCompile>
    <ClCompile Include="src\GrfTraceLine.cpp">
      <Filter>Source Files</Filter>
    </ClCompile>
    <ClCompile Include="src\GrfTraceObject.cpp">
      <Filter>Source Files</Filter>
    </ClCompile>
    <ClCompile Include="src\GrfTraceStack.cpp">
      <Filter>Source Files</Filter>
    </ClCompile>
    <ClCompile Include="src\GrfTraceText.cpp">
      <Filter>Source Files</Filter>
    </ClCompile>
    <ClCompile Include="src\GrfTranslate.cpp">
      <Filter>Source Files</Filter>
    </ClCompile>
    <ClCompile Include="src\GrfTryCatch.cpp">
      <Filter>Source Files</Filter>
    </ClCompile>
    <ClCompile Include="src\GrfWhile.cpp">
      <Filter>Source Files</Filter>
    </ClCompile>
    <ClCompile Include="src\GrfWriteBytes.cpp">
      <Filter>Source Files</Filter>
    </ClCompile>
    <ClCompile Include="src\GrfWritefileHook.cpp">
      <Filter>Source Files</Filter>
    </ClCompile>
    <ClCompile Include="src\GrfWriteText.cpp">
      <Filter>Source Files</Filter>
    </ClCompile>
    <ClCompile Include="src\GrfWriteTextOnce.cpp">
      <Filter>Source Files</Filter>
    </ClCompile>
    <ClCompile Include="src\HTTPRequest.cpp">
      <Filter>Source Files</Filter>
    </ClCompile>
    <ClCompile Include="src\JNIExternalHandling.cpp">
      <Filter>Source Files</Filter>
    </ClCompile>
    <ClCompile Include="src\md5.cpp">
      <Filter>Source Files</Filter>
    </ClCompile>
    <ClCompile Include="src\NetSocket.cpp">
      <Filter>Source Files</Filter>
    </ClCompile>
    <ClCompile Include="src\ScpStream.cpp">
      <Filter>Source Files</Filter>
    </ClCompile>
    <ClCompile Include="src\UtlDate.cpp">
      <Filter>Source Files</Filter>
    </ClCompile>
    <ClCompile Include="src\UtlDirectory.cpp">
      <Filter>Source Files</Filter>
    </ClCompile>
    <ClCompile Include="src\UtlException.cpp">
      <Filter>Source Files</Filter>
    </ClCompile>
    <ClCompile Include="src\UtlString.cpp">
      <Filter>Source Files</Filter>
    </ClCompile>
    <ClCompile Include="src\UtlTimer.cpp">
      <Filter>Source Files</Filter>
    </ClCompile>
    <ClCompile Include="src\UtlTrace.cpp">
      <Filter>Source Files</Filter>
    </ClCompile>
    <ClCompile Include="src\UtlXMLStream.cpp">
      <Filter>Source Files</Filter>
    </ClCompile>
    <ClCompile Include="src\Workspace.cpp">
      <Filter>Source Files</Filter>
    </ClCompile>
  </ItemGroup>
</Project>